
Microsoft Visual Studio Solution File, Format Version 12.00
# Visual Studio Version 16
VisualStudioVersion = 16.0.29911.84
MinimumVisualStudioVersion = 10.0.40219.1
Project("{9A19103F-16F7-4668-BE54-9A1E7A4F7556}") = "dynamic-configuration-parser-test", "dynamic-configuration-parser-test\dynamic-configuration-parser-test.csproj", "{41342011-836D-4FA6-98A2-2283E989A4BC}"
EndProject
Project("{9A19103F-16F7-4668-BE54-9A1E7A4F7556}") = "dynamic-configuration-parser", "dynamic-configuration-parser\dynamic-configuration-parser.csproj", "{ECC0F1C5-6F8B-4523-87E6-E011BF1079C2}"
EndProject
Global
	GlobalSection(SolutionConfigurationPlatforms) = preSolution
		Debug|Any CPU = Debug|Any CPU
		Release|Any CPU = Release|Any CPU
	EndGlobalSection
	GlobalSection(ProjectConfigurationPlatforms) = postSolution
		{41342011-836D-4FA6-98A2-2283E989A4BC}.Debug|Any CPU.ActiveCfg = Debug|Any CPU
		{41342011-836D-4FA6-98A2-2283E989A4BC}.Debug|Any CPU.Build.0 = Debug|Any CPU
		{41342011-836D-4FA6-98A2-2283E989A4BC}.Release|Any CPU.ActiveCfg = Release|Any CPU
		{41342011-836D-4FA6-98A2-2283E989A4BC}.Release|Any CPU.Build.0 = Release|Any CPU
		{ECC0F1C5-6F8B-4523-87E6-E011BF1079C2}.Debug|Any CPU.ActiveCfg = Debug|Any CPU
		{ECC0F1C5-6F8B-4523-87E6-E011BF1079C2}.Debug|Any CPU.Build.0 = Debug|Any CPU
		{ECC0F1C5-6F8B-4523-87E6-E011BF1079C2}.Release|Any CPU.ActiveCfg = Release|Any CPU
		{ECC0F1C5-6F8B-4523-87E6-E011BF1079C2}.Release|Any CPU.Build.0 = Release|Any CPU
	EndGlobalSection
	GlobalSection(SolutionProperties) = preSolution
		HideSolutionNode = FALSE
	EndGlobalSection
	GlobalSection(ExtensibilityGlobals) = postSolution
		SolutionGuid = {6C681AF9-3093-46C6-9F7A-4641F8E63A29}
	EndGlobalSection
EndGlobal
